// !$*UTF8*$!
{
	archiveVersion = 1;
	classes = {
	};
	objectVersion = 46;
	objects = {

/* Begin PBXBuildFile section */
		31117DDB17070480000BB062 /* webview.m in Sources */ = {isa = PBXBuildFile; fileRef = 31117DDA17070480000BB062 /* webview.m */; };
		31117DEE1708AAD8000BB062 /* MessageUI.framework in Frameworks */ = {isa = PBXBuildFile; fileRef = 31117DED1708AAD7000BB062 /* MessageUI.framework */; };
		31117DF11752C9E2000BB062 /* Localizable.strings in Resources */ = {isa = PBXBuildFile; fileRef = 31117DF31752C9E2000BB062 /* Localizable.strings */; };
		311B943216A17EFA0057786F /* audio.m in Sources */ = {isa = PBXBuildFile; fileRef = 311B943116A17EFA0057786F /* audio.m */; };
		311B943416A1802B0057786F /* MediaPlayer.framework in Frameworks */ = {isa = PBXBuildFile; fileRef = 311B943316A1802B0057786F /* MediaPlayer.framework */; };
		3127E2B915D38FDC00793C60 /* app.c in Sources */ = {isa = PBXBuildFile; fileRef = 3127E2A915D38FDC00793C60 /* app.c */; };
		3127E2BA15D38FDC00793C60 /* camera.c in Sources */ = {isa = PBXBuildFile; fileRef = 3127E2AB15D38FDC00793C60 /* camera.c */; };
		3127E2BB15D38FDC00793C60 /* earth.c in Sources */ = {isa = PBXBuildFile; fileRef = 3127E2AD15D38FDC00793C60 /* earth.c */; };
		3127E2D815DAFD7E00793C60 /* cx_debug.c in Sources */ = {isa = PBXBuildFile; fileRef = 3127E2C215DAFD7E00793C60 /* cx_debug.c */; };
		3127E2D915DAFD7E00793C60 /* cx_file.c in Sources */ = {isa = PBXBuildFile; fileRef = 3127E2C515DAFD7E00793C60 /* cx_file.c */; };
		3127E2DA15DAFD7E00793C60 /* cx_native_ios.m in Sources */ = {isa = PBXBuildFile; fileRef = 3127E2CA15DAFD7E00793C60 /* cx_native_ios.m */; };
		3127E2DB15DAFD7E00793C60 /* cx_string.c in Sources */ = {isa = PBXBuildFile; fileRef = 3127E2CB15DAFD7E00793C60 /* cx_string.c */; };
		3127E2DC15DAFD7E00793C60 /* cx_system.c in Sources */ = {isa = PBXBuildFile; fileRef = 3127E2CD15DAFD7E00793C60 /* cx_system.c */; };
		3127E2DD15DAFD7E00793C60 /* cx_thread.c in Sources */ = {isa = PBXBuildFile; fileRef = 3127E2CF15DAFD7E00793C60 /* cx_thread.c */; };
		3127E2DE15DAFD7E00793C60 /* cx_time.c in Sources */ = {isa = PBXBuildFile; fileRef = 3127E2D115DAFD7E00793C60 /* cx_time.c */; };
		3127E2DF15DAFD7E00793C60 /* cx_utility.c in Sources */ = {isa = PBXBuildFile; fileRef = 3127E2D315DAFD7E00793C60 /* cx_utility.c */; };
		3127E2E015DAFD7E00793C60 /* cx_xml.c in Sources */ = {isa = PBXBuildFile; fileRef = 3127E2D615DAFD7E00793C60 /* cx_xml.c */; };
		3127E2E715DAFE2000793C60 /* json.c in Sources */ = {isa = PBXBuildFile; fileRef = 3127E2E315DAFE2000793C60 /* json.c */; };
		3127E2EB15DAFF1A00793C60 /* cx_http.m in Sources */ = {isa = PBXBuildFile; fileRef = 3127E2EA15DAFF1A00793C60 /* cx_http.m */; };
		3127E2FC15DAFF6400793C60 /* cx_draw.c in Sources */ = {isa = PBXBuildFile; fileRef = 3127E2EE15DAFF6400793C60 /* cx_draw.c */; };
		3127E2FD15DAFF6400793C60 /* cx_font.c in Sources */ = {isa = PBXBuildFile; fileRef = 3127E2F015DAFF6400793C60 /* cx_font.c */; };
		3127E2FE15DAFF6400793C60 /* cx_gdi.c in Sources */ = {isa = PBXBuildFile; fileRef = 3127E2F215DAFF6400793C60 /* cx_gdi.c */; };
		3127E2FF15DAFF6400793C60 /* cx_material.c in Sources */ = {isa = PBXBuildFile; fileRef = 3127E2F415DAFF6400793C60 /* cx_material.c */; };
		3127E30015DAFF6400793C60 /* cx_mesh.c in Sources */ = {isa = PBXBuildFile; fileRef = 3127E2F615DAFF6400793C60 /* cx_mesh.c */; };
		3127E30115DAFF6400793C60 /* cx_shader.c in Sources */ = {isa = PBXBuildFile; fileRef = 3127E2F815DAFF6400793C60 /* cx_shader.c */; };
		3127E30215DAFF6400793C60 /* cx_texture.c in Sources */ = {isa = PBXBuildFile; fileRef = 3127E2FA15DAFF6400793C60 /* cx_texture.c */; };
		3127E30A15E00F6D00793C60 /* worker.c in Sources */ = {isa = PBXBuildFile; fileRef = 3127E30915E00F6D00793C60 /* worker.c */; };
		3127E30D15E0557400793C60 /* cx_list.c in Sources */ = {isa = PBXBuildFile; fileRef = 3127E30C15E0557200793C60 /* cx_list.c */; };
		31561D09178B77AA0022AF8B /* app-02-icon.72.png in Resources */ = {isa = PBXBuildFile; fileRef = 31561D08178B77A90022AF8B /* app-02-icon.72.png */; };
		31561D0E178B7B680022AF8B /* Default-Landscape~ipad.png in Resources */ = {isa = PBXBuildFile; fileRef = 31561D0A178B7A7E0022AF8B /* Default-Landscape~ipad.png */; };
		31561D10178B8C260022AF8B /* app-02-icon.144.png in Resources */ = {isa = PBXBuildFile; fileRef = 31561D0F178B8C260022AF8B /* app-02-icon.144.png */; };
		315EC7C216D443E00019E160 /* settings.m in Sources */ = {isa = PBXBuildFile; fileRef = 315EC7C116D443DE0019E160 /* settings.m */; };
		315EC7C416E258CC0019E160 /* cx_json.c in Sources */ = {isa = PBXBuildFile; fileRef = 315EC7C316E258CA0019E160 /* cx_json.c */; };
		3163730816F62AAA0018D64C /* util.m in Sources */ = {isa = PBXBuildFile; fileRef = 3163730716F62AAA0018D64C /* util.m */; };
		3166F8871759ED6A000D1147 /* Social.framework in Frameworks */ = {isa = PBXBuildFile; fileRef = 3166F8861759ED6A000D1147 /* Social.framework */; };
		3166F88E175EA426000D1147 /* AppDelegate.m in Sources */ = {isa = PBXBuildFile; fileRef = 3166F88A175EA426000D1147 /* AppDelegate.m */; };
		3166F88F175EA426000D1147 /* main.m in Sources */ = {isa = PBXBuildFile; fileRef = 3166F88B175EA426000D1147 /* main.m */; };
		3166F890175EA426000D1147 /* ViewController.m in Sources */ = {isa = PBXBuildFile; fileRef = 3166F88D175EA426000D1147 /* ViewController.m */; };
		3166F89C175EA9E3000D1147 /* libFlurry.a in Frameworks */ = {isa = PBXBuildFile; fileRef = 3166F89B175EA9E3000D1147 /* libFlurry.a */; };
		3166F89E17638D9B000D1147 /* cx_analytics.m in Sources */ = {isa = PBXBuildFile; fileRef = 3166F89D17638D9B000D1147 /* cx_analytics.m */; };
		3166F8A4176395FC000D1147 /* SystemConfiguration.framework in Frameworks */ = {isa = PBXBuildFile; fileRef = 3166F8A3176395FC000D1147 /* SystemConfiguration.framework */; };
		3166F8A71763A8DB000D1147 /* metrics.c in Sources */ = {isa = PBXBuildFile; fileRef = 3166F8A61763A8DA000D1147 /* metrics.c */; };
		3166F8A9176937CF000D1147 /* Accounts.framework in Frameworks */ = {isa = PBXBuildFile; fileRef = 3166F8A8176937CC000D1147 /* Accounts.framework */; };
		3166F8AB176A8277000D1147 /* feeds.m in Sources */ = {isa = PBXBuildFile; fileRef = 3166F8AA176A8274000D1147 /* feeds.m */; };
		316846BE165B041500B80A66 /* cx_vertex_data.c in Sources */ = {isa = PBXBuildFile; fileRef = 316846BD165B041400B80A66 /* cx_vertex_data.c */; };
		316846C61660F97D00B80A66 /* cx_varmod.c in Sources */ = {isa = PBXBuildFile; fileRef = 316846C41660F97D00B80A66 /* cx_varmod.c */; };
		3169B0F616BF1AB2000D7AC9 /* libpthread.dylib in Frameworks */ = {isa = PBXBuildFile; fileRef = 3169B0F516BF1AB2000D7AC9 /* libpthread.dylib */; };
		316FAA691517C01900CC39F2 /* InfoPlist.strings in Resources */ = {isa = PBXBuildFile; fileRef = 316FAA651517C01900CC39F2 /* InfoPlist.strings */; };
		316FAA6A1517C01900CC39F2 /* MainStoryboard.storyboard in Resources */ = {isa = PBXBuildFile; fileRef = 316FAA671517C01900CC39F2 /* MainStoryboard.storyboard */; };
		316FAA8D1517C49A00CC39F2 /* data in Resources */ = {isa = PBXBuildFile; fileRef = 316FAA8C1517C49A00CC39F2 /* data */; };
		31795E60178B959800FE94A6 /* Default-Landscape@2x~ipad.png in Resources */ = {isa = PBXBuildFile; fileRef = 31795E5E178B957B00FE94A6 /* Default-Landscape@2x~ipad.png */; };
		3179D04917049D4F00F623AF /* AudioToolbox.framework in Frameworks */ = {isa = PBXBuildFile; fileRef = 3179D04817049D4E00F623AF /* AudioToolbox.framework */; };
		317FFA0E16BB29EB00154541 /* stb_image.c in Sources */ = {isa = PBXBuildFile; fileRef = 317FFA0C16BB29EB00154541 /* stb_image.c */; };
		3182B99C14B0B6680097A87E /* UIKit.framework in Frameworks */ = {isa = PBXBuildFile; fileRef = 3182B99B14B0B6680097A87E /* UIKit.framework */; };
		3182B99E14B0B6680097A87E /* Foundation.framework in Frameworks */ = {isa = PBXBuildFile; fileRef = 3182B99D14B0B6680097A87E /* Foundation.framework */; };
		3182B9A014B0B6680097A87E /* CoreGraphics.framework in Frameworks */ = {isa = PBXBuildFile; fileRef = 3182B99F14B0B6680097A87E /* CoreGraphics.framework */; };
		3182B9B314B0B6C40097A87E /* OpenGLES.framework in Frameworks */ = {isa = PBXBuildFile; fileRef = 3182B9B214B0B6C40097A87E /* OpenGLES.framework */; };
		3182B9B514B0B6CC0097A87E /* GLKit.framework in Frameworks */ = {isa = PBXBuildFile; fileRef = 3182B9B414B0B6CC0097A87E /* GLKit.framework */; };
		3190B1D2158E5A70008B54FD /* libxml2.dylib in Frameworks */ = {isa = PBXBuildFile; fileRef = 3190B1D1158E5A70008B54FD /* libxml2.dylib */; };
		3199A9AA167E35AF00A390CE /* input.c in Sources */ = {isa = PBXBuildFile; fileRef = 3199A9A9167E35AF00A390CE /* input.c */; };
		31A18A1C179332F900733E46 /* Default-Portrait~ipad.png in Resources */ = {isa = PBXBuildFile; fileRef = 31561D0C178B7B5E0022AF8B /* Default-Portrait~ipad.png */; };
		31A18A1E1793330000733E46 /* Default-Portrait@2x~ipad.png in Resources */ = {isa = PBXBuildFile; fileRef = 31A18A1D1793330000733E46 /* Default-Portrait@2x~ipad.png */; };
		31B4E7DB1686956C00B5A371 /* ui.c in Sources */ = {isa = PBXBuildFile; fileRef = 31B4E7DA1686956C00B5A371 /* ui.c */; };
		31B4E7E6168CFA9100B5A371 /* ui_ctrlr.c in Sources */ = {isa = PBXBuildFile; fileRef = 31B4E7E5168CFA9100B5A371 /* ui_ctrlr.c */; };
/* End PBXBuildFile section */

/* Begin PBXFileReference section */
		31117DD917070467000BB062 /* webview.h */ = {isa = PBXFileReference; lastKnownFileType = sourcecode.c.h; path = webview.h; sourceTree = "<group>"; };
		31117DDA17070480000BB062 /* webview.m */ = {isa = PBXFileReference; fileEncoding = 4; lastKnownFileType = sourcecode.c.objc; path = webview.m; sourceTree = "<group>"; };
		31117DED1708AAD7000BB062 /* MessageUI.framework */ = {isa = PBXFileReference; lastKnownFileType = wrapper.framework; name = MessageUI.framework; path = System/Library/Frameworks/MessageUI.framework; sourceTree = SDKROOT; };
		31117DF21752C9E2000BB062 /* en */ = {isa = PBXFileReference; lastKnownFileType = text.plist.strings; name = en; path = en.lproj/Localizable.strings; sourceTree = "<group>"; };
		311B943016A17EBB0057786F /* audio.h */ = {isa = PBXFileReference; lastKnownFileType = sourcecode.c.h; path = audio.h; sourceTree = "<group>"; };
		311B943116A17EFA0057786F /* audio.m */ = {isa = PBXFileReference; fileEncoding = 4; lastKnownFileType = sourcecode.c.objc; path = audio.m; sourceTree = "<group>"; };
		311B943316A1802B0057786F /* MediaPlayer.framework */ = {isa = PBXFileReference; lastKnownFileType = wrapper.framework; name = MediaPlayer.framework; path = System/Library/Frameworks/MediaPlayer.framework; sourceTree = SDKROOT; };
		3127E2A915D38FDC00793C60 /* app.c */ = {isa = PBXFileReference; fileEncoding = 4; lastKnownFileType = sourcecode.c.c; path = app.c; sourceTree = "<group>"; };
		3127E2AA15D38FDC00793C60 /* app.h */ = {isa = PBXFileReference; fileEncoding = 4; lastKnownFileType = sourcecode.c.h; path = app.h; sourceTree = "<group>"; };
		3127E2AB15D38FDC00793C60 /* camera.c */ = {isa = PBXFileReference; fileEncoding = 4; lastKnownFileType = sourcecode.c.c; path = camera.c; sourceTree = "<group>"; };
		3127E2AC15D38FDC00793C60 /* camera.h */ = {isa = PBXFileReference; fileEncoding = 4; lastKnownFileType = sourcecode.c.h; path = camera.h; sourceTree = "<group>"; };
		3127E2AD15D38FDC00793C60 /* earth.c */ = {isa = PBXFileReference; fileEncoding = 4; lastKnownFileType = sourcecode.c.c; path = earth.c; sourceTree = "<group>"; };
		3127E2AE15D38FDC00793C60 /* earth.h */ = {isa = PBXFileReference; fileEncoding = 4; lastKnownFileType = sourcecode.c.h; path = earth.h; sourceTree = "<group>"; };
		3127E2B015D38FDC00793C60 /* feeds.h */ = {isa = PBXFileReference; fileEncoding = 4; lastKnownFileType = sourcecode.c.h; path = feeds.h; sourceTree = "<group>"; };
		3127E2C215DAFD7E00793C60 /* cx_debug.c */ = {isa = PBXFileReference; fileEncoding = 4; lastKnownFileType = sourcecode.c.c; path = cx_debug.c; sourceTree = "<group>"; };
		3127E2C315DAFD7E00793C60 /* cx_debug.h */ = {isa = PBXFileReference; fileEncoding = 4; lastKnownFileType = sourcecode.c.h; path = cx_debug.h; sourceTree = "<group>"; };
		3127E2C415DAFD7E00793C60 /* cx_defines.h */ = {isa = PBXFileReference; fileEncoding = 4; lastKnownFileType = sourcecode.c.h; path = cx_defines.h; sourceTree = "<group>"; };
		3127E2C515DAFD7E00793C60 /* cx_file.c */ = {isa = PBXFileReference; fileEncoding = 4; lastKnownFileType = sourcecode.c.c; path = cx_file.c; sourceTree = "<group>"; };
		3127E2C615DAFD7E00793C60 /* cx_file.h */ = {isa = PBXFileReference; fileEncoding = 4; lastKnownFileType = sourcecode.c.h; path = cx_file.h; sourceTree = "<group>"; };
		3127E2C715DAFD7E00793C60 /* cx_math.h */ = {isa = PBXFileReference; fileEncoding = 4; lastKnownFileType = sourcecode.c.h; path = cx_math.h; sourceTree = "<group>"; };
		3127E2C815DAFD7E00793C60 /* cx_matrix3x3.h */ = {isa = PBXFileReference; fileEncoding = 4; lastKnownFileType = sourcecode.c.h; path = cx_matrix3x3.h; sourceTree = "<group>"; };
		3127E2C915DAFD7E00793C60 /* cx_matrix4x4.h */ = {isa = PBXFileReference; fileEncoding = 4; lastKnownFileType = sourcecode.c.h; path = cx_matrix4x4.h; sourceTree = "<group>"; };
		3127E2CA15DAFD7E00793C60 /* cx_native_ios.m */ = {isa = PBXFileReference; fileEncoding = 4; lastKnownFileType = sourcecode.c.objc; path = cx_native_ios.m; sourceTree = "<group>"; };
		3127E2CB15DAFD7E00793C60 /* cx_string.c */ = {isa = PBXFileReference; fileEncoding = 4; lastKnownFileType = sourcecode.c.c; path = cx_string.c; sourceTree = "<group>"; };
		3127E2CC15DAFD7E00793C60 /* cx_string.h */ = {isa = PBXFileReference; fileEncoding = 4; lastKnownFileType = sourcecode.c.h; path = cx_string.h; sourceTree = "<group>"; };
		3127E2CD15DAFD7E00793C60 /* cx_system.c */ = {isa = PBXFileReference; fileEncoding = 4; lastKnownFileType = sourcecode.c.c; path = cx_system.c; sourceTree = "<group>"; };
		3127E2CE15DAFD7E00793C60 /* cx_system.h */ = {isa = PBXFileReference; fileEncoding = 4; lastKnownFileType = sourcecode.c.h; path = cx_system.h; sourceTree = "<group>"; };
		3127E2CF15DAFD7E00793C60 /* cx_thread.c */ = {isa = PBXFileReference; fileEncoding = 4; lastKnownFileType = sourcecode.c.c; path = cx_thread.c; sourceTree = "<group>"; };
		3127E2D015DAFD7E00793C60 /* cx_thread.h */ = {isa = PBXFileReference; fileEncoding = 4; lastKnownFileType = sourcecode.c.h; path = cx_thread.h; sourceTree = "<group>"; };
		3127E2D115DAFD7E00793C60 /* cx_time.c */ = {isa = PBXFileReference; fileEncoding = 4; lastKnownFileType = sourcecode.c.c; path = cx_time.c; sourceTree = "<group>"; };
		3127E2D215DAFD7E00793C60 /* cx_time.h */ = {isa = PBXFileReference; fileEncoding = 4; lastKnownFileType = sourcecode.c.h; path = cx_time.h; sourceTree = "<group>"; };
		3127E2D315DAFD7E00793C60 /* cx_utility.c */ = {isa = PBXFileReference; fileEncoding = 4; lastKnownFileType = sourcecode.c.c; path = cx_utility.c; sourceTree = "<group>"; };
		3127E2D415DAFD7E00793C60 /* cx_utility.h */ = {isa = PBXFileReference; fileEncoding = 4; lastKnownFileType = sourcecode.c.h; path = cx_utility.h; sourceTree = "<group>"; };
		3127E2D515DAFD7E00793C60 /* cx_vector4.h */ = {isa = PBXFileReference; fileEncoding = 4; lastKnownFileType = sourcecode.c.h; path = cx_vector4.h; sourceTree = "<group>"; };
		3127E2D615DAFD7E00793C60 /* cx_xml.c */ = {isa = PBXFileReference; fileEncoding = 4; lastKnownFileType = sourcecode.c.c; path = cx_xml.c; sourceTree = "<group>"; };
		3127E2D715DAFD7E00793C60 /* cx_xml.h */ = {isa = PBXFileReference; fileEncoding = 4; lastKnownFileType = sourcecode.c.h; path = cx_xml.h; sourceTree = "<group>"; };
		3127E2E315DAFE2000793C60 /* json.c */ = {isa = PBXFileReference; fileEncoding = 4; lastKnownFileType = sourcecode.c.c; path = json.c; sourceTree = "<group>"; };
		3127E2E415DAFE2000793C60 /* json.h */ = {isa = PBXFileReference; fileEncoding = 4; lastKnownFileType = sourcecode.c.h; path = json.h; sourceTree = "<group>"; };
		3127E2E915DAFF1A00793C60 /* cx_http.h */ = {isa = PBXFileReference; fileEncoding = 4; lastKnownFileType = sourcecode.c.h; path = cx_http.h; sourceTree = "<group>"; };
		3127E2EA15DAFF1A00793C60 /* cx_http.m */ = {isa = PBXFileReference; fileEncoding = 4; lastKnownFileType = sourcecode.c.objc; path = cx_http.m; sourceTree = "<group>"; };
		3127E2ED15DAFF6400793C60 /* cx_colour.h */ = {isa = PBXFileReference; fileEncoding = 4; lastKnownFileType = sourcecode.c.h; path = cx_colour.h; sourceTree = "<group>"; };
		3127E2EE15DAFF6400793C60 /* cx_draw.c */ = {isa = PBXFileReference; fileEncoding = 4; lastKnownFileType = sourcecode.c.c; path = cx_draw.c; sourceTree = "<group>"; };
		3127E2EF15DAFF6400793C60 /* cx_draw.h */ = {isa = PBXFileReference; fileEncoding = 4; lastKnownFileType = sourcecode.c.h; path = cx_draw.h; sourceTree = "<group>"; };
		3127E2F015DAFF6400793C60 /* cx_font.c */ = {isa = PBXFileReference; fileEncoding = 4; lastKnownFileType = sourcecode.c.c; path = cx_font.c; sourceTree = "<group>"; };
		3127E2F115DAFF6400793C60 /* cx_font.h */ = {isa = PBXFileReference; fileEncoding = 4; lastKnownFileType = sourcecode.c.h; path = cx_font.h; sourceTree = "<group>"; };
		3127E2F215DAFF6400793C60 /* cx_gdi.c */ = {isa = PBXFileReference; fileEncoding = 4; lastKnownFileType = sourcecode.c.c; path = cx_gdi.c; sourceTree = "<group>"; };
		3127E2F315DAFF6400793C60 /* cx_gdi.h */ = {isa = PBXFileReference; fileEncoding = 4; lastKnownFileType = sourcecode.c.h; path = cx_gdi.h; sourceTree = "<group>"; };
		3127E2F415DAFF6400793C60 /* cx_material.c */ = {isa = PBXFileReference; fileEncoding = 4; lastKnownFileType = sourcecode.c.c; path = cx_material.c; sourceTree = "<group>"; };
		3127E2F515DAFF6400793C60 /* cx_material.h */ = {isa = PBXFileReference; fileEncoding = 4; lastKnownFileType = sourcecode.c.h; path = cx_material.h; sourceTree = "<group>"; };
		3127E2F615DAFF6400793C60 /* cx_mesh.c */ = {isa = PBXFileReference; fileEncoding = 4; lastKnownFileType = sourcecode.c.c; path = cx_mesh.c; sourceTree = "<group>"; };
		3127E2F715DAFF6400793C60 /* cx_mesh.h */ = {isa = PBXFileReference; fileEncoding = 4; lastKnownFileType = sourcecode.c.h; path = cx_mesh.h; sourceTree = "<group>"; };
		3127E2F815DAFF6400793C60 /* cx_shader.c */ = {isa = PBXFileReference; fileEncoding = 4; lastKnownFileType = sourcecode.c.c; path = cx_shader.c; sourceTree = "<group>"; };
		3127E2F915DAFF6400793C60 /* cx_shader.h */ = {isa = PBXFileReference; fileEncoding = 4; lastKnownFileType = sourcecode.c.h; path = cx_shader.h; sourceTree = "<group>"; };
		3127E2FA15DAFF6400793C60 /* cx_texture.c */ = {isa = PBXFileReference; fileEncoding = 4; lastKnownFileType = sourcecode.c.c; path = cx_texture.c; sourceTree = "<group>"; };
		3127E2FB15DAFF6400793C60 /* cx_texture.h */ = {isa = PBXFileReference; fileEncoding = 4; lastKnownFileType = sourcecode.c.h; path = cx_texture.h; sourceTree = "<group>"; };
		3127E30715E00F5800793C60 /* worker.h */ = {isa = PBXFileReference; lastKnownFileType = sourcecode.c.h; path = worker.h; sourceTree = "<group>"; };
		3127E30915E00F6D00793C60 /* worker.c */ = {isa = PBXFileReference; fileEncoding = 4; lastKnownFileType = sourcecode.c.c; path = worker.c; sourceTree = "<group>"; };
		3127E30B15E0555B00793C60 /* cx_list.h */ = {isa = PBXFileReference; lastKnownFileType = sourcecode.c.h; path = cx_list.h; sourceTree = "<group>"; };
		3127E30C15E0557200793C60 /* cx_list.c */ = {isa = PBXFileReference; fileEncoding = 4; lastKnownFileType = sourcecode.c.c; path = cx_list.c; sourceTree = "<group>"; };
		31561D08178B77A90022AF8B /* app-02-icon.72.png */ = {isa = PBXFileReference; lastKnownFileType = image.png; path = "app-02-icon.72.png"; sourceTree = "<group>"; };
		31561D0A178B7A7E0022AF8B /* Default-Landscape~ipad.png */ = {isa = PBXFileReference; lastKnownFileType = image.png; path = "Default-Landscape~ipad.png"; sourceTree = "<group>"; };
		31561D0C178B7B5E0022AF8B /* Default-Portrait~ipad.png */ = {isa = PBXFileReference; lastKnownFileType = image.png; path = "Default-Portrait~ipad.png"; sourceTree = "<group>"; };
		31561D0F178B8C260022AF8B /* app-02-icon.144.png */ = {isa = PBXFileReference; lastKnownFileType = image.png; path = "app-02-icon.144.png"; sourceTree = "<group>"; };
		315EC7C016D443CC0019E160 /* settings.h */ = {isa = PBXFileReference; lastKnownFileType = sourcecode.c.h; path = settings.h; sourceTree = "<group>"; };
		315EC7C116D443DE0019E160 /* settings.m */ = {isa = PBXFileReference; fileEncoding = 4; lastKnownFileType = sourcecode.c.objc; path = settings.m; sourceTree = "<group>"; };
		315EC7C316E258CA0019E160 /* cx_json.c */ = {isa = PBXFileReference; fileEncoding = 4; lastKnownFileType = sourcecode.c.c; path = cx_json.c; sourceTree = "<group>"; };
		315EC7C516E258E50019E160 /* cx_json.h */ = {isa = PBXFileReference; lastKnownFileType = sourcecode.c.h; path = cx_json.h; sourceTree = "<group>"; };
		3163730616F62AAA0018D64C /* util.h */ = {isa = PBXFileReference; fileEncoding = 4; lastKnownFileType = sourcecode.c.h; path = util.h; sourceTree = "<group>"; };
		3163730716F62AAA0018D64C /* util.m */ = {isa = PBXFileReference; fileEncoding = 4; lastKnownFileType = sourcecode.c.objc; path = util.m; sourceTree = "<group>"; };
		3166F8861759ED6A000D1147 /* Social.framework */ = {isa = PBXFileReference; lastKnownFileType = wrapper.framework; name = Social.framework; path = System/Library/Frameworks/Social.framework; sourceTree = SDKROOT; };
		3166F889175EA426000D1147 /* AppDelegate.h */ = {isa = PBXFileReference; fileEncoding = 4; lastKnownFileType = sourcecode.c.h; path = AppDelegate.h; sourceTree = "<group>"; };
		3166F88A175EA426000D1147 /* AppDelegate.m */ = {isa = PBXFileReference; fileEncoding = 4; lastKnownFileType = sourcecode.c.objc; path = AppDelegate.m; sourceTree = "<group>"; };
		3166F88B175EA426000D1147 /* main.m */ = {isa = PBXFileReference; fileEncoding = 4; lastKnownFileType = sourcecode.c.objc; path = main.m; sourceTree = "<group>"; };
		3166F88C175EA426000D1147 /* ViewController.h */ = {isa = PBXFileReference; fileEncoding = 4; lastKnownFileType = sourcecode.c.h; path = ViewController.h; sourceTree = "<group>"; };
		3166F88D175EA426000D1147 /* ViewController.m */ = {isa = PBXFileReference; fileEncoding = 4; lastKnownFileType = sourcecode.c.objc; path = ViewController.m; sourceTree = "<group>"; };
		3166F897175EA99D000D1147 /* cx_analytics.h */ = {isa = PBXFileReference; fileEncoding = 4; lastKnownFileType = sourcecode.c.h; path = cx_analytics.h; sourceTree = "<group>"; };
		3166F89A175EA9E3000D1147 /* Flurry.h */ = {isa = PBXFileReference; fileEncoding = 4; lastKnownFileType = sourcecode.c.h; path = Flurry.h; sourceTree = "<group>"; };
		3166F89B175EA9E3000D1147 /* libFlurry.a */ = {isa = PBXFileReference; lastKnownFileType = archive.ar; path = libFlurry.a; sourceTree = "<group>"; };
		3166F89D17638D9B000D1147 /* cx_analytics.m */ = {isa = PBXFileReference; fileEncoding = 4; lastKnownFileType = sourcecode.c.objc; path = cx_analytics.m; sourceTree = "<group>"; };
		3166F89F176394F2000D1147 /* CFNetwork.framework */ = {isa = PBXFileReference; lastKnownFileType = wrapper.framework; name = CFNetwork.framework; path = System/Library/Frameworks/CFNetwork.framework; sourceTree = SDKROOT; };
		3166F8A11763952C000D1147 /* libsystem_network.dylib */ = {isa = PBXFileReference; lastKnownFileType = "compiled.mach-o.dylib"; name = libsystem_network.dylib; path = usr/lib/system/libsystem_network.dylib; sourceTree = SDKROOT; };
		3166F8A3176395FC000D1147 /* SystemConfiguration.framework */ = {isa = PBXFileReference; lastKnownFileType = wrapper.framework; name = SystemConfiguration.framework; path = System/Library/Frameworks/SystemConfiguration.framework; sourceTree = SDKROOT; };
		3166F8A51763A7DA000D1147 /* metrics.h */ = {isa = PBXFileReference; lastKnownFileType = sourcecode.c.h; path = metrics.h; sourceTree = "<group>"; };
		3166F8A61763A8DA000D1147 /* metrics.c */ = {isa = PBXFileReference; fileEncoding = 4; lastKnownFileType = sourcecode.c.c; path = metrics.c; sourceTree = "<group>"; };
		3166F8A8176937CC000D1147 /* Accounts.framework */ = {isa = PBXFileReference; lastKnownFileType = wrapper.framework; name = Accounts.framework; path = System/Library/Frameworks/Accounts.framework; sourceTree = SDKROOT; };
		3166F8AA176A8274000D1147 /* feeds.m */ = {isa = PBXFileReference; fileEncoding = 4; lastKnownFileType = sourcecode.c.objc; path = feeds.m; sourceTree = "<group>"; };
		316846BB165B03F000B80A66 /* cx_vertex_data.h */ = {isa = PBXFileReference; lastKnownFileType = sourcecode.c.h; path = cx_vertex_data.h; sourceTree = "<group>"; };
		316846BD165B041400B80A66 /* cx_vertex_data.c */ = {isa = PBXFileReference; fileEncoding = 4; lastKnownFileType = sourcecode.c.c; path = cx_vertex_data.c; sourceTree = "<group>"; };
		316846C41660F97D00B80A66 /* cx_varmod.c */ = {isa = PBXFileReference; fileEncoding = 4; lastKnownFileType = sourcecode.c.c; path = cx_varmod.c; sourceTree = "<group>"; };
		316846C51660F97D00B80A66 /* cx_varmod.h */ = {isa = PBXFileReference; fileEncoding = 4; lastKnownFileType = sourcecode.c.h; path = cx_varmod.h; sourceTree = "<group>"; };
		3169B0F516BF1AB2000D7AC9 /* libpthread.dylib */ = {isa = PBXFileReference; lastKnownFileType = "compiled.mach-o.dylib"; name = libpthread.dylib; path = usr/lib/libpthread.dylib; sourceTree = SDKROOT; };
		316FAA631517C01900CC39F2 /* earthnews-Info.plist */ = {isa = PBXFileReference; fileEncoding = 4; lastKnownFileType = text.plist.xml; path = "earthnews-Info.plist"; sourceTree = "<group>"; };
		316FAA641517C01900CC39F2 /* earthnews-Prefix.pch */ = {isa = PBXFileReference; fileEncoding = 4; lastKnownFileType = sourcecode.c.h; path = "earthnews-Prefix.pch"; sourceTree = "<group>"; };
		316FAA661517C01900CC39F2 /* en */ = {isa = PBXFileReference; lastKnownFileType = text.plist.strings; name = en; path = en.lproj/InfoPlist.strings; sourceTree = "<group>"; };
		316FAA671517C01900CC39F2 /* MainStoryboard.storyboard */ = {isa = PBXFileReference; fileEncoding = 4; lastKnownFileType = file.storyboard; path = MainStoryboard.storyboard; sourceTree = "<group>"; };
		316FAA8C1517C49A00CC39F2 /* data */ = {isa = PBXFileReference; lastKnownFileType = folder; path = data; sourceTree = "<group>"; };
		31795E5E178B957B00FE94A6 /* Default-Landscape@2x~ipad.png */ = {isa = PBXFileReference; lastKnownFileType = image.png; path = "Default-Landscape@2x~ipad.png"; sourceTree = "<group>"; };
		3179D04817049D4E00F623AF /* AudioToolbox.framework */ = {isa = PBXFileReference; lastKnownFileType = wrapper.framework; name = AudioToolbox.framework; path = System/Library/Frameworks/AudioToolbox.framework; sourceTree = SDKROOT; };
		317EC94C1533508C0092AFCB /* cx_engine.h */ = {isa = PBXFileReference; lastKnownFileType = sourcecode.c.h; path = cx_engine.h; sourceTree = "<group>"; };
		317FFA0C16BB29EB00154541 /* stb_image.c */ = {isa = PBXFileReference; fileEncoding = 4; lastKnownFileType = sourcecode.c.c; path = stb_image.c; sourceTree = "<group>"; };
		317FFA0D16BB29EB00154541 /* stb_truetype.h */ = {isa = PBXFileReference; fileEncoding = 4; lastKnownFileType = sourcecode.c.h; path = stb_truetype.h; sourceTree = "<group>"; };
		317FFA0F16BB2ECC00154541 /* stb_image.h */ = {isa = PBXFileReference; fileEncoding = 4; lastKnownFileType = sourcecode.c.h; path = stb_image.h; sourceTree = "<group>"; };
		317FFA1016BB314C00154541 /* cx_native_ios.h */ = {isa = PBXFileReference; lastKnownFileType = sourcecode.c.h; path = cx_native_ios.h; sourceTree = "<group>"; };
		3182B99714B0B6680097A87E /* now360.app */ = {isa = PBXFileReference; explicitFileType = wrapper.application; includeInIndex = 0; path = now360.app; sourceTree = BUILT_PRODUCTS_DIR; };
		3182B99B14B0B6680097A87E /* UIKit.framework */ = {isa = PBXFileReference; lastKnownFileType = wrapper.framework; name = UIKit.framework; path = System/Library/Frameworks/UIKit.framework; sourceTree = SDKROOT; };
		3182B99D14B0B6680097A87E /* Foundation.framework */ = {isa = PBXFileReference; lastKnownFileType = wrapper.framework; name = Foundation.framework; path = System/Library/Frameworks/Foundation.framework; sourceTree = SDKROOT; };
		3182B99F14B0B6680097A87E /* CoreGraphics.framework */ = {isa = PBXFileReference; lastKnownFileType = wrapper.framework; name = CoreGraphics.framework; path = System/Library/Frameworks/CoreGraphics.framework; sourceTree = SDKROOT; };
		3182B9B214B0B6C40097A87E /* OpenGLES.framework */ = {isa = PBXFileReference; lastKnownFileType = wrapper.framework; name = OpenGLES.framework; path = System/Library/Frameworks/OpenGLES.framework; sourceTree = SDKROOT; };
		3182B9B414B0B6CC0097A87E /* GLKit.framework */ = {isa = PBXFileReference; lastKnownFileType = wrapper.framework; name = GLKit.framework; path = System/Library/Frameworks/GLKit.framework; sourceTree = SDKROOT; };
		3190B1D1158E5A70008B54FD /* libxml2.dylib */ = {isa = PBXFileReference; lastKnownFileType = "compiled.mach-o.dylib"; name = libxml2.dylib; path = usr/lib/libxml2.dylib; sourceTree = SDKROOT; };
		3190B1D615929495008B54FD /* Twitter.framework */ = {isa = PBXFileReference; lastKnownFileType = wrapper.framework; name = Twitter.framework; path = System/Library/Frameworks/Twitter.framework; sourceTree = SDKROOT; };
		3199A9A7167E354F00A390CE /* input.h */ = {isa = PBXFileReference; lastKnownFileType = sourcecode.c.h; path = input.h; sourceTree = "<group>"; };
		3199A9A9167E35AF00A390CE /* input.c */ = {isa = PBXFileReference; fileEncoding = 4; lastKnownFileType = sourcecode.c.c; path = input.c; sourceTree = "<group>"; };
		31A18A0C1793208600733E46 /* fr */ = {isa = PBXFileReference; lastKnownFileType = text.plist.strings; name = fr; path = fr.lproj/InfoPlist.strings; sourceTree = "<group>"; };
		31A18A0D1793208600733E46 /* fr */ = {isa = PBXFileReference; lastKnownFileType = text.plist.strings; name = fr; path = fr.lproj/Localizable.strings; sourceTree = "<group>"; };
		31A18A0E179320A800733E46 /* de */ = {isa = PBXFileReference; lastKnownFileType = text.plist.strings; name = de; path = de.lproj/InfoPlist.strings; sourceTree = "<group>"; };
		31A18A0F179320A800733E46 /* de */ = {isa = PBXFileReference; lastKnownFileType = text.plist.strings; name = de; path = de.lproj/Localizable.strings; sourceTree = "<group>"; };
		31A18A10179320C500733E46 /* it */ = {isa = PBXFileReference; lastKnownFileType = text.plist.strings; name = it; path = it.lproj/InfoPlist.strings; sourceTree = "<group>"; };
		31A18A11179320C500733E46 /* it */ = {isa = PBXFileReference; lastKnownFileType = text.plist.strings; name = it; path = it.lproj/Localizable.strings; sourceTree = "<group>"; };
		31A18A121793233400733E46 /* es */ = {isa = PBXFileReference; lastKnownFileType = text.plist.strings; name = es; path = es.lproj/InfoPlist.strings; sourceTree = "<group>"; };
		31A18A131793233500733E46 /* es */ = {isa = PBXFileReference; lastKnownFileType = text.plist.strings; name = es; path = es.lproj/Localizable.strings; sourceTree = "<group>"; };
		31A18A1817932C2200733E46 /* nl */ = {isa = PBXFileReference; lastKnownFileType = text.plist.strings; name = nl; path = nl.lproj/InfoPlist.strings; sourceTree = "<group>"; };
		31A18A1917932C2200733E46 /* nl */ = {isa = PBXFileReference; lastKnownFileType = text.plist.strings; name = nl; path = nl.lproj/Localizable.strings; sourceTree = "<group>"; };
		31A18A1D1793330000733E46 /* Default-Portrait@2x~ipad.png */ = {isa = PBXFileReference; lastKnownFileType = image.png; path = "Default-Portrait@2x~ipad.png"; sourceTree = "<group>"; };
		31B4E7D81686953C00B5A371 /* ui.h */ = {isa = PBXFileReference; lastKnownFileType = sourcecode.c.h; path = ui.h; sourceTree = "<group>"; };
		31B4E7DA1686956C00B5A371 /* ui.c */ = {isa = PBXFileReference; fileEncoding = 4; lastKnownFileType = sourcecode.c.c; path = ui.c; sourceTree = "<group>"; };
		31B4E7E4168CF97E00B5A371 /* ui_ctrlr.h */ = {isa = PBXFileReference; lastKnownFileType = sourcecode.c.h; path = ui_ctrlr.h; sourceTree = "<group>"; };
		31B4E7E5168CFA9100B5A371 /* ui_ctrlr.c */ = {isa = PBXFileReference; fileEncoding = 4; lastKnownFileType = sourcecode.c.c; path = ui_ctrlr.c; sourceTree = "<group>"; };
		31CE5D961618A82D00500B11 /* cx_vector2.h */ = {isa = PBXFileReference; lastKnownFileType = sourcecode.c.h; path = cx_vector2.h; sourceTree = "<group>"; };
/* End PBXFileReference section */

/* Begin PBXFrameworksBuildPhase section */
		3182B99414B0B6680097A87E /* Frameworks */ = {
			isa = PBXFrameworksBuildPhase;
			buildActionMask = 2147483647;
			files = (
				3166F8A9176937CF000D1147 /* Accounts.framework in Frameworks */,
				3166F8A4176395FC000D1147 /* SystemConfiguration.framework in Frameworks */,
				3166F8871759ED6A000D1147 /* Social.framework in Frameworks */,
				31117DEE1708AAD8000BB062 /* MessageUI.framework in Frameworks */,
				3179D04917049D4F00F623AF /* AudioToolbox.framework in Frameworks */,
				3169B0F616BF1AB2000D7AC9 /* libpthread.dylib in Frameworks */,
				311B943416A1802B0057786F /* MediaPlayer.framework in Frameworks */,
				3190B1D2158E5A70008B54FD /* libxml2.dylib in Frameworks */,
				3182B9B514B0B6CC0097A87E /* GLKit.framework in Frameworks */,
				3182B9B314B0B6C40097A87E /* OpenGLES.framework in Frameworks */,
				3182B99C14B0B6680097A87E /* UIKit.framework in Frameworks */,
				3182B99E14B0B6680097A87E /* Foundation.framework in Frameworks */,
				3182B9A014B0B6680097A87E /* CoreGraphics.framework in Frameworks */,
				3166F89C175EA9E3000D1147 /* libFlurry.a in Frameworks */,
			);
			runOnlyForDeploymentPostprocessing = 0;
		};
/* End PBXFrameworksBuildPhase section */

/* Begin PBXGroup section */
		3127E2A815D38FDC00793C60 /* app */ = {
			isa = PBXGroup;
			children = (
				3166F888175EA426000D1147 /* startup */,
				3163730616F62AAA0018D64C /* util.h */,
				3163730716F62AAA0018D64C /* util.m */,
				3127E2A915D38FDC00793C60 /* app.c */,
				3127E2AA15D38FDC00793C60 /* app.h */,
				3127E2AB15D38FDC00793C60 /* camera.c */,
				3127E2AC15D38FDC00793C60 /* camera.h */,
				3127E2AD15D38FDC00793C60 /* earth.c */,
				3127E2AE15D38FDC00793C60 /* earth.h */,
				3166F8AA176A8274000D1147 /* feeds.m */,
				3127E2B015D38FDC00793C60 /* feeds.h */,
				3127E30715E00F5800793C60 /* worker.h */,
				3127E30915E00F6D00793C60 /* worker.c */,
				3199A9A7167E354F00A390CE /* input.h */,
				3199A9A9167E35AF00A390CE /* input.c */,
				31B4E7D81686953C00B5A371 /* ui.h */,
				31B4E7DA1686956C00B5A371 /* ui.c */,
				31B4E7E4168CF97E00B5A371 /* ui_ctrlr.h */,
				31B4E7E5168CFA9100B5A371 /* ui_ctrlr.c */,
				311B943016A17EBB0057786F /* audio.h */,
				311B943116A17EFA0057786F /* audio.m */,
				315EC7C016D443CC0019E160 /* settings.h */,
				315EC7C116D443DE0019E160 /* settings.m */,
				31117DD917070467000BB062 /* webview.h */,
				31117DDA17070480000BB062 /* webview.m */,
				3166F8A51763A7DA000D1147 /* metrics.h */,
				3166F8A61763A8DA000D1147 /* metrics.c */,
			);
			path = app;
			sourceTree = "<group>";
		};
		3127E2C115DAFD7D00793C60 /* system */ = {
			isa = PBXGroup;
			children = (
				3127E2C215DAFD7E00793C60 /* cx_debug.c */,
				3127E2C315DAFD7E00793C60 /* cx_debug.h */,
				3127E2C415DAFD7E00793C60 /* cx_defines.h */,
				3127E2C515DAFD7E00793C60 /* cx_file.c */,
				3127E2C615DAFD7E00793C60 /* cx_file.h */,
				3127E2C715DAFD7E00793C60 /* cx_math.h */,
				3127E2C815DAFD7E00793C60 /* cx_matrix3x3.h */,
				3127E2C915DAFD7E00793C60 /* cx_matrix4x4.h */,
				31CE5D961618A82D00500B11 /* cx_vector2.h */,
				3127E2D515DAFD7E00793C60 /* cx_vector4.h */,
				317FFA1016BB314C00154541 /* cx_native_ios.h */,
				3127E2CA15DAFD7E00793C60 /* cx_native_ios.m */,
				3127E2CB15DAFD7E00793C60 /* cx_string.c */,
				3127E2CC15DAFD7E00793C60 /* cx_string.h */,
				3127E2CD15DAFD7E00793C60 /* cx_system.c */,
				3127E2CE15DAFD7E00793C60 /* cx_system.h */,
				3127E2CF15DAFD7E00793C60 /* cx_thread.c */,
				3127E2D015DAFD7E00793C60 /* cx_thread.h */,
				3127E2D115DAFD7E00793C60 /* cx_time.c */,
				3127E2D215DAFD7E00793C60 /* cx_time.h */,
				3127E2D315DAFD7E00793C60 /* cx_utility.c */,
				3127E2D415DAFD7E00793C60 /* cx_utility.h */,
				3127E2D615DAFD7E00793C60 /* cx_xml.c */,
				3127E2D715DAFD7E00793C60 /* cx_xml.h */,
				3127E30B15E0555B00793C60 /* cx_list.h */,
				3127E30C15E0557200793C60 /* cx_list.c */,
				315EC7C316E258CA0019E160 /* cx_json.c */,
				315EC7C516E258E50019E160 /* cx_json.h */,
			);
			path = system;
			sourceTree = "<group>";
		};
		3127E2E115DAFE1F00793C60 /* 3rdparty */ = {
			isa = PBXGroup;
			children = (
				3166F899175EA9E3000D1147 /* flurry */,
				317FFA0B16BB29EB00154541 /* stb */,
				3127E2E215DAFE2000793C60 /* json-parser */,
			);
			path = 3rdparty;
			sourceTree = "<group>";
		};
		3127E2E215DAFE2000793C60 /* json-parser */ = {
			isa = PBXGroup;
			children = (
				3127E2E315DAFE2000793C60 /* json.c */,
				3127E2E415DAFE2000793C60 /* json.h */,
			);
			path = "json-parser";
			sourceTree = "<group>";
		};
		3127E2E815DAFF1900793C60 /* network */ = {
			isa = PBXGroup;
			children = (
				3127E2E915DAFF1A00793C60 /* cx_http.h */,
				3127E2EA15DAFF1A00793C60 /* cx_http.m */,
			);
			path = network;
			sourceTree = "<group>";
		};
		3127E2EC15DAFF6400793C60 /* graphics */ = {
			isa = PBXGroup;
			children = (
				3127E2ED15DAFF6400793C60 /* cx_colour.h */,
				3127E2EE15DAFF6400793C60 /* cx_draw.c */,
				3127E2EF15DAFF6400793C60 /* cx_draw.h */,
				3127E2F015DAFF6400793C60 /* cx_font.c */,
				3127E2F115DAFF6400793C60 /* cx_font.h */,
				3127E2F215DAFF6400793C60 /* cx_gdi.c */,
				3127E2F315DAFF6400793C60 /* cx_gdi.h */,
				3127E2F415DAFF6400793C60 /* cx_material.c */,
				3127E2F515DAFF6400793C60 /* cx_material.h */,
				3127E2F815DAFF6400793C60 /* cx_shader.c */,
				3127E2F915DAFF6400793C60 /* cx_shader.h */,
				3127E2FA15DAFF6400793C60 /* cx_texture.c */,
				3127E2FB15DAFF6400793C60 /* cx_texture.h */,
				3127E2F715DAFF6400793C60 /* cx_mesh.h */,
				3127E2F615DAFF6400793C60 /* cx_mesh.c */,
				316846BB165B03F000B80A66 /* cx_vertex_data.h */,
				316846BD165B041400B80A66 /* cx_vertex_data.c */,
			);
			path = graphics;
			sourceTree = "<group>";
		};
		3166F888175EA426000D1147 /* startup */ = {
			isa = PBXGroup;
			children = (
				3166F889175EA426000D1147 /* AppDelegate.h */,
				3166F88A175EA426000D1147 /* AppDelegate.m */,
				3166F88B175EA426000D1147 /* main.m */,
				3166F88C175EA426000D1147 /* ViewController.h */,
				3166F88D175EA426000D1147 /* ViewController.m */,
			);
			path = startup;
			sourceTree = "<group>";
		};
		3166F899175EA9E3000D1147 /* flurry */ = {
			isa = PBXGroup;
			children = (
				3166F89A175EA9E3000D1147 /* Flurry.h */,
				3166F89B175EA9E3000D1147 /* libFlurry.a */,
			);
			path = flurry;
			sourceTree = "<group>";
		};
		316846C31660F97D00B80A66 /* utility */ = {
			isa = PBXGroup;
			children = (
				3166F89D17638D9B000D1147 /* cx_analytics.m */,
				3166F897175EA99D000D1147 /* cx_analytics.h */,
				316846C41660F97D00B80A66 /* cx_varmod.c */,
				316846C51660F97D00B80A66 /* cx_varmod.h */,
			);
			path = utility;
			sourceTree = "<group>";
		};
		316FA9F11517BB4D00CC39F2 /* source */ = {
			isa = PBXGroup;
			children = (
				3127E2A815D38FDC00793C60 /* app */,
				316FA9F71517BB4D00CC39F2 /* engine */,
			);
			path = source;
			sourceTree = "<group>";
		};
		316FA9F71517BB4D00CC39F2 /* engine */ = {
			isa = PBXGroup;
			children = (
				316846C31660F97D00B80A66 /* utility */,
				3127E2EC15DAFF6400793C60 /* graphics */,
				3127E2E815DAFF1900793C60 /* network */,
				3127E2E115DAFE1F00793C60 /* 3rdparty */,
				3127E2C115DAFD7D00793C60 /* system */,
				317EC94C1533508C0092AFCB /* cx_engine.h */,
			);
			path = engine;
			sourceTree = "<group>";
		};
		316FAA621517C01900CC39F2 /* resource_ios */ = {
			isa = PBXGroup;
			children = (
				316FAA631517C01900CC39F2 /* earthnews-Info.plist */,
				316FAA641517C01900CC39F2 /* earthnews-Prefix.pch */,
				316FAA651517C01900CC39F2 /* InfoPlist.strings */,
				316FAA671517C01900CC39F2 /* MainStoryboard.storyboard */,
				31117DF31752C9E2000BB062 /* Localizable.strings */,
			);
			path = resource_ios;
			sourceTree = "<group>";
		};
		317FFA0B16BB29EB00154541 /* stb */ = {
			isa = PBXGroup;
			children = (
				317FFA0D16BB29EB00154541 /* stb_truetype.h */,
				317FFA0F16BB2ECC00154541 /* stb_image.h */,
				317FFA0C16BB29EB00154541 /* stb_image.c */,
			);
			path = stb;
			sourceTree = "<group>";
		};
		3182B98C14B0B6680097A87E = {
			isa = PBXGroup;
			children = (
				31A18A1D1793330000733E46 /* Default-Portrait@2x~ipad.png */,
				31795E5E178B957B00FE94A6 /* Default-Landscape@2x~ipad.png */,
				31561D0F178B8C260022AF8B /* app-02-icon.144.png */,
				31561D0C178B7B5E0022AF8B /* Default-Portrait~ipad.png */,
				31561D0A178B7A7E0022AF8B /* Default-Landscape~ipad.png */,
				31561D08178B77A90022AF8B /* app-02-icon.72.png */,
				3166F8A8176937CC000D1147 /* Accounts.framework */,
				3166F8A3176395FC000D1147 /* SystemConfiguration.framework */,
				3166F8A11763952C000D1147 /* libsystem_network.dylib */,
				3166F89F176394F2000D1147 /* CFNetwork.framework */,
				3166F8861759ED6A000D1147 /* Social.framework */,
				31117DED1708AAD7000BB062 /* MessageUI.framework */,
				3179D04817049D4E00F623AF /* AudioToolbox.framework */,
				3169B0F516BF1AB2000D7AC9 /* libpthread.dylib */,
				311B943316A1802B0057786F /* MediaPlayer.framework */,
				3182B9A114B0B6680097A87E /* earthnews */,
				3182B99A14B0B6680097A87E /* Frameworks */,
				3182B99814B0B6680097A87E /* Products */,
			);
			sourceTree = "<group>";
		};
		3182B99814B0B6680097A87E /* Products */ = {
			isa = PBXGroup;
			children = (
				3182B99714B0B6680097A87E /* now360.app */,
			);
			name = Products;
			sourceTree = "<group>";
		};
		3182B99A14B0B6680097A87E /* Frameworks */ = {
			isa = PBXGroup;
			children = (
				3190B1D615929495008B54FD /* Twitter.framework */,
				3190B1D1158E5A70008B54FD /* libxml2.dylib */,
				3182B9B414B0B6CC0097A87E /* GLKit.framework */,
				3182B9B214B0B6C40097A87E /* OpenGLES.framework */,
				3182B99B14B0B6680097A87E /* UIKit.framework */,
				3182B99D14B0B6680097A87E /* Foundation.framework */,
				3182B99F14B0B6680097A87E /* CoreGraphics.framework */,
			);
			name = Frameworks;
			sourceTree = "<group>";
		};
		3182B9A114B0B6680097A87E /* earthnews */ = {
			isa = PBXGroup;
			children = (
				316FAA8C1517C49A00CC39F2 /* data */,
				316FAA621517C01900CC39F2 /* resource_ios */,
				316FA9F11517BB4D00CC39F2 /* source */,
			);
			path = earthnews;
			sourceTree = "<group>";
		};
/* End PBXGroup section */

/* Begin PBXNativeTarget section */
		3182B99614B0B6680097A87E /* now360 */ = {
			isa = PBXNativeTarget;
			buildConfigurationList = 3182B9AF14B0B6680097A87E /* Build configuration list for PBXNativeTarget "now360" */;
			buildPhases = (
				3182B99314B0B6680097A87E /* Sources */,
				3182B99414B0B6680097A87E /* Frameworks */,
				3182B99514B0B6680097A87E /* Resources */,
			);
			buildRules = (
			);
			dependencies = (
			);
			name = now360;
			productName = earthnews;
			productReference = 3182B99714B0B6680097A87E /* now360.app */;
			productType = "com.apple.product-type.application";
		};
/* End PBXNativeTarget section */

/* Begin PBXProject section */
		3182B98E14B0B6680097A87E /* Project object */ = {
			isa = PBXProject;
			attributes = {
				LastUpgradeCheck = 0420;
				ORGANIZATIONNAME = uonyechi.com;
			};
			buildConfigurationList = 3182B99114B0B6680097A87E /* Build configuration list for PBXProject "earthnews" */;
			compatibilityVersion = "Xcode 3.2";
			developmentRegion = English;
			hasScannedForEncodings = 0;
			knownRegions = (
				en,
				da,
				"es-ES",
				es,
				"zh-Hans",
				"zh-Hant",
				fr,
				de,
				it,
				nb,
				sv,
				nl,
				fi,
			);
			mainGroup = 3182B98C14B0B6680097A87E;
			productRefGroup = 3182B99814B0B6680097A87E /* Products */;
			projectDirPath = "";
			projectRoot = "";
			targets = (
				3182B99614B0B6680097A87E /* now360 */,
			);
		};
/* End PBXProject section */

/* Begin PBXResourcesBuildPhase section */
		3182B99514B0B6680097A87E /* Resources */ = {
			isa = PBXResourcesBuildPhase;
			buildActionMask = 2147483647;
			files = (
				316FAA691517C01900CC39F2 /* InfoPlist.strings in Resources */,
				316FAA6A1517C01900CC39F2 /* MainStoryboard.storyboard in Resources */,
				316FAA8D1517C49A00CC39F2 /* data in Resources */,
				31117DF11752C9E2000BB062 /* Localizable.strings in Resources */,
				31561D09178B77AA0022AF8B /* app-02-icon.72.png in Resources */,
				31561D0E178B7B680022AF8B /* Default-Landscape~ipad.png in Resources */,
				31561D10178B8C260022AF8B /* app-02-icon.144.png in Resources */,
				31795E60178B959800FE94A6 /* Default-Landscape@2x~ipad.png in Resources */,
				31A18A1C179332F900733E46 /* Default-Portrait~ipad.png in Resources */,
				31A18A1E1793330000733E46 /* Default-Portrait@2x~ipad.png in Resources */,
			);
			runOnlyForDeploymentPostprocessing = 0;
		};
/* End PBXResourcesBuildPhase section */

/* Begin PBXSourcesBuildPhase section */
		3182B99314B0B6680097A87E /* Sources */ = {
			isa = PBXSourcesBuildPhase;
			buildActionMask = 2147483647;
			files = (
				3127E2B915D38FDC00793C60 /* app.c in Sources */,
				3127E2BA15D38FDC00793C60 /* camera.c in Sources */,
				3127E2BB15D38FDC00793C60 /* earth.c in Sources */,
				3127E2D815DAFD7E00793C60 /* cx_debug.c in Sources */,
				3127E2D915DAFD7E00793C60 /* cx_file.c in Sources */,
				3127E2DA15DAFD7E00793C60 /* cx_native_ios.m in Sources */,
				3127E2DB15DAFD7E00793C60 /* cx_string.c in Sources */,
				3127E2DC15DAFD7E00793C60 /* cx_system.c in Sources */,
				3127E2DD15DAFD7E00793C60 /* cx_thread.c in Sources */,
				3127E2DE15DAFD7E00793C60 /* cx_time.c in Sources */,
				3127E2DF15DAFD7E00793C60 /* cx_utility.c in Sources */,
				3127E2E015DAFD7E00793C60 /* cx_xml.c in Sources */,
				3127E2E715DAFE2000793C60 /* json.c in Sources */,
				3127E2EB15DAFF1A00793C60 /* cx_http.m in Sources */,
				3127E2FC15DAFF6400793C60 /* cx_draw.c in Sources */,
				3127E2FD15DAFF6400793C60 /* cx_font.c in Sources */,
				3127E2FE15DAFF6400793C60 /* cx_gdi.c in Sources */,
				3127E2FF15DAFF6400793C60 /* cx_material.c in Sources */,
				3127E30015DAFF6400793C60 /* cx_mesh.c in Sources */,
				3127E30115DAFF6400793C60 /* cx_shader.c in Sources */,
				3127E30215DAFF6400793C60 /* cx_texture.c in Sources */,
				3127E30A15E00F6D00793C60 /* worker.c in Sources */,
				3127E30D15E0557400793C60 /* cx_list.c in Sources */,
				316846BE165B041500B80A66 /* cx_vertex_data.c in Sources */,
				316846C61660F97D00B80A66 /* cx_varmod.c in Sources */,
				3199A9AA167E35AF00A390CE /* input.c in Sources */,
				31B4E7DB1686956C00B5A371 /* ui.c in Sources */,
				31B4E7E6168CFA9100B5A371 /* ui_ctrlr.c in Sources */,
				311B943216A17EFA0057786F /* audio.m in Sources */,
				317FFA0E16BB29EB00154541 /* stb_image.c in Sources */,
				315EC7C216D443E00019E160 /* settings.m in Sources */,
				315EC7C416E258CC0019E160 /* cx_json.c in Sources */,
				3163730816F62AAA0018D64C /* util.m in Sources */,
				31117DDB17070480000BB062 /* webview.m in Sources */,
				3166F88E175EA426000D1147 /* AppDelegate.m in Sources */,
				3166F88F175EA426000D1147 /* main.m in Sources */,
				3166F890175EA426000D1147 /* ViewController.m in Sources */,
				3166F89E17638D9B000D1147 /* cx_analytics.m in Sources */,
				3166F8A71763A8DB000D1147 /* metrics.c in Sources */,
				3166F8AB176A8277000D1147 /* feeds.m in Sources */,
			);
			runOnlyForDeploymentPostprocessing = 0;
		};
/* End PBXSourcesBuildPhase section */

/* Begin PBXVariantGroup section */
		31117DF31752C9E2000BB062 /* Localizable.strings */ = {
			isa = PBXVariantGroup;
			children = (
				31117DF21752C9E2000BB062 /* en */,
				31A18A0D1793208600733E46 /* fr */,
				31A18A0F179320A800733E46 /* de */,
				31A18A11179320C500733E46 /* it */,
				31A18A131793233500733E46 /* es */,
				31A18A1917932C2200733E46 /* nl */,
			);
			name = Localizable.strings;
			sourceTree = "<group>";
		};
		316FAA651517C01900CC39F2 /* InfoPlist.strings */ = {
			isa = PBXVariantGroup;
			children = (
				316FAA661517C01900CC39F2 /* en */,
				31A18A0C1793208600733E46 /* fr */,
				31A18A0E179320A800733E46 /* de */,
				31A18A10179320C500733E46 /* it */,
				31A18A121793233400733E46 /* es */,
				31A18A1817932C2200733E46 /* nl */,
			);
			name = InfoPlist.strings;
			sourceTree = "<group>";
		};
/* End PBXVariantGroup section */

/* Begin XCBuildConfiguration section */
		3182B9AD14B0B6680097A87E /* Debug */ = {
			isa = XCBuildConfiguration;
			buildSettings = {
				ALWAYS_SEARCH_USER_PATHS = NO;
				ARCHS = "$(ARCHS_STANDARD_32_BIT)";
				CLANG_ENABLE_OBJC_ARC = NO;
				CLANG_WARN_EMPTY_BODY = YES;
				CLANG_WARN_IMPLICIT_SIGN_CONVERSION = YES;
				CLANG_WARN_SUSPICIOUS_IMPLICIT_CONVERSION = YES;
				CODE_SIGN_IDENTITY = "iPhone Developer: Ubaka Onyechi (84R2ZF2TC8)";
				"CODE_SIGN_IDENTITY[sdk=iphoneos*]" = "iPhone Developer";
				COPY_PHASE_STRIP = NO;
				GCC_C_LANGUAGE_STANDARD = c99;
				GCC_DYNAMIC_NO_PIC = NO;
				GCC_ENABLE_CPP_EXCEPTIONS = NO;
				GCC_ENABLE_CPP_RTTI = NO;
				GCC_OPTIMIZATION_LEVEL = 0;
				GCC_PREPROCESSOR_DEFINITIONS = (
					"DEBUG=1",
					"$(inherited)",
				);
				GCC_SYMBOLS_PRIVATE_EXTERN = NO;
				GCC_TREAT_WARNINGS_AS_ERRORS = YES;
				GCC_VERSION = com.apple.compilers.llvm.clang.1_0;
				GCC_WARN_ABOUT_MISSING_PROTOTYPES = YES;
				GCC_WARN_ABOUT_RETURN_TYPE = YES;
				GCC_WARN_SHADOW = YES;
				GCC_WARN_UNINITIALIZED_AUTOS = YES;
				GCC_WARN_UNUSED_VARIABLE = YES;
				IPHONEOS_DEPLOYMENT_TARGET = 5.0;
				PROVISIONING_PROFILE = "4EEE55FC-9BEF-4E50-9E64-49B53AB598DE";
				SDKROOT = iphoneos;
				TARGETED_DEVICE_FAMILY = "1,2";
			};
			name = Debug;
		};
		3182B9AE14B0B6680097A87E /* Release */ = {
			isa = XCBuildConfiguration;
			buildSettings = {
				ALWAYS_SEARCH_USER_PATHS = NO;
				ARCHS = "$(ARCHS_STANDARD_32_BIT)";
				CLANG_ENABLE_OBJC_ARC = NO;
				CLANG_WARN_EMPTY_BODY = YES;
				CLANG_WARN_IMPLICIT_SIGN_CONVERSION = YES;
				CLANG_WARN_SUSPICIOUS_IMPLICIT_CONVERSION = YES;
				CODE_SIGN_IDENTITY = "iPhone Developer: Ubaka Onyechi (84R2ZF2TC8)";
				"CODE_SIGN_IDENTITY[sdk=iphoneos*]" = "iPhone Developer";
				COPY_PHASE_STRIP = YES;
				GCC_C_LANGUAGE_STANDARD = c99;
				GCC_ENABLE_CPP_EXCEPTIONS = NO;
				GCC_ENABLE_CPP_RTTI = NO;
				GCC_TREAT_WARNINGS_AS_ERRORS = YES;
				GCC_VERSION = com.apple.compilers.llvm.clang.1_0;
				GCC_WARN_ABOUT_MISSING_PROTOTYPES = YES;
				GCC_WARN_ABOUT_RETURN_TYPE = YES;
				GCC_WARN_SHADOW = YES;
				GCC_WARN_UNINITIALIZED_AUTOS = YES;
				GCC_WARN_UNUSED_VARIABLE = YES;
				IPHONEOS_DEPLOYMENT_TARGET = 5.0;
				OTHER_CFLAGS = "-DNS_BLOCK_ASSERTIONS=1";
				PROVISIONING_PROFILE = "4EEE55FC-9BEF-4E50-9E64-49B53AB598DE";
				SDKROOT = iphoneos;
				TARGETED_DEVICE_FAMILY = "1,2";
				VALIDATE_PRODUCT = YES;
			};
			name = Release;
		};
		3182B9B014B0B6680097A87E /* Debug */ = {
			isa = XCBuildConfiguration;
			buildSettings = {
				CLANG_WARN_IMPLICIT_SIGN_CONVERSION = NO;
				CLANG_WARN_SUSPICIOUS_IMPLICIT_CONVERSION = YES;
				CODE_SIGN_IDENTITY = "iPhone Developer: Ubaka Onyechi (84R2ZF2TC8)";
				GCC_C_LANGUAGE_STANDARD = c99;
				GCC_PRECOMPILE_PREFIX_HEADER = YES;
				GCC_PREFIX_HEADER = "earthnews/resource_ios/earthnews-Prefix.pch";
				GCC_STRICT_ALIASING = YES;
				GCC_TREAT_WARNINGS_AS_ERRORS = YES;
				GCC_UNROLL_LOOPS = NO;
				GCC_WARN_PEDANTIC = NO;
				GCC_WARN_SIGN_COMPARE = YES;
				HEADER_SEARCH_PATHS = (
					"\"${SDK_DIR}\"/usr/include/libxml2",
					earthnews/source/engine/freetype2/include,
				);
				INFOPLIST_FILE = "earthnews/resource_ios/earthnews-Info.plist";
				IPHONEOS_DEPLOYMENT_TARGET = 5.1;
				LIBRARY_SEARCH_PATHS = (
					"$(inherited)",
					"\"$(SRCROOT)/earthnews/source/app/flurry\"",
					"\"$(SRCROOT)/earthnews/source/engine/3rdparty/flurry\"",
					"\"$(SDKROOT)/usr/lib/system\"",
				);
				PRODUCT_NAME = "$(TARGET_NAME)";
				PROVISIONING_PROFILE = "4378C2C7-38AA-4B2B-950C-8F58C412BA00";
				TARGETED_DEVICE_FAMILY = 2;
				WARNING_CFLAGS = (
					"-Wall",
					"-Wstrict-aliasing",
				);
				WRAPPER_EXTENSION = app;
			};
			name = Debug;
		};
		3182B9B114B0B6680097A87E /* Release */ = {
			isa = XCBuildConfiguration;
			buildSettings = {
				CLANG_WARN_IMPLICIT_SIGN_CONVERSION = NO;
				CLANG_WARN_SUSPICIOUS_IMPLICIT_CONVERSION = YES;
				CODE_SIGN_IDENTITY = "iPhone Developer: Ubaka Onyechi (84R2ZF2TC8)";
				GCC_C_LANGUAGE_STANDARD = c99;
				GCC_PRECOMPILE_PREFIX_HEADER = YES;
				GCC_PREFIX_HEADER = "earthnews/resource_ios/earthnews-Prefix.pch";
				GCC_STRICT_ALIASING = YES;
				GCC_TREAT_WARNINGS_AS_ERRORS = YES;
				GCC_UNROLL_LOOPS = NO;
				GCC_WARN_PEDANTIC = NO;
				GCC_WARN_SIGN_COMPARE = YES;
				HEADER_SEARCH_PATHS = (
					"\"${SDK_DIR}\"/usr/include/libxml2",
					earthnews/source/engine/freetype2/include,
				);
				INFOPLIST_FILE = "earthnews/resource_ios/earthnews-Info.plist";
				IPHONEOS_DEPLOYMENT_TARGET = 5.1;
				LIBRARY_SEARCH_PATHS = (
					"$(inherited)",
					"\"$(SRCROOT)/earthnews/source/app/flurry\"",
					"\"$(SRCROOT)/earthnews/source/engine/3rdparty/flurry\"",
					"\"$(SDKROOT)/usr/lib/system\"",
				);
				PRODUCT_NAME = "$(TARGET_NAME)";
				PROVISIONING_PROFILE = "4378C2C7-38AA-4B2B-950C-8F58C412BA00";
				TARGETED_DEVICE_FAMILY = 2;
				WARNING_CFLAGS = (
					"-Wall",
					"-Wstrict-aliasing",
				);
				WRAPPER_EXTENSION = app;
			};
			name = Release;
		};
/* End XCBuildConfiguration section */

/* Begin XCConfigurationList section */
		3182B99114B0B6680097A87E /* Build configuration list for PBXProject "earthnews" */ = {
			isa = XCConfigurationList;
			buildConfigurations = (
				3182B9AD14B0B6680097A87E /* Debug */,
				3182B9AE14B0B6680097A87E /* Release */,
			);
			defaultConfigurationIsVisible = 0;
			defaultConfigurationName = Release;
		};
		3182B9AF14B0B6680097A87E /* Build configuration list for PBXNativeTarget "now360" */ = {
			isa = XCConfigurationList;
			buildConfigurations = (
				3182B9B014B0B6680097A87E /* Debug */,
				3182B9B114B0B6680097A87E /* Release */,
			);
			defaultConfigurationIsVisible = 0;
			defaultConfigurationName = Release;
		};
/* End XCConfigurationList section */
	};
	rootObject = 3182B98E14B0B6680097A87E /* Project object */;
}
